
Microsoft Visual Studio Solution File, Format Version 12.00
# Visual Studio Version 17
VisualStudioVersion = 17.5.002.0
MinimumVisualStudioVersion = 10.0.40219.1
Project("{9A19103F-16F7-4668-BE54-9A1E7A4F7556}") = "memTodayApi", "memTodayApi.csproj", "{7197EAAF-3138-4CCF-97E8-795FB9FF8FDF}"
EndProject
Global
	GlobalSection(SolutionConfigurationPlatforms) = preSolution
		Debug|Any CPU = Debug|Any CPU
		Release|Any CPU = Release|Any CPU
	EndGlobalSection
	GlobalSection(ProjectConfigurationPlatforms) = postSolution
		{7197EAAF-3138-4CCF-97E8-795FB9FF8FDF}.Debug|Any CPU.ActiveCfg = Debug|Any CPU
		{7197EAAF-3138-4CCF-97E8-795FB9FF8FDF}.Debug|Any CPU.Build.0 = Debug|Any CPU
		{7197EAAF-3138-4CCF-97E8-795FB9FF8FDF}.Release|Any CPU.ActiveCfg = Release|Any CPU
		{7197EAAF-3138-4CCF-97E8-795FB9FF8FDF}.Release|Any CPU.Build.0 = Release|Any CPU
	EndGlobalSection
	GlobalSection(SolutionProperties) = preSolution
		HideSolutionNode = FALSE
	EndGlobalSection
	GlobalSection(ExtensibilityGlobals) = postSolution
		SolutionGuid = {93764DF7-D833-4DAD-AAEA-EF56D2BA3205}
	EndGlobalSection
EndGlobal
